
Microsoft Visual Studio Solution File, Format Version 12.00
# Visual Studio 2013
VisualStudioVersion = 12.0.21005.1
MinimumVisualStudioVersion = 10.0.40219.1
Project("{FAE04EC0-301F-11D3-BF4B-00C04F79EFBC}") = "RenderHeightMap", "RenderHeightMap\RenderHeightMap.csproj", "{31B2F745-D6A1-4204-983B-FE157F118578}"
EndProject
Project("{FAE04EC0-301F-11D3-BF4B-00C04F79EFBC}") = "Texture2D", "Texture2D\Texture2D.csproj", "{24977320-A945-48F7-AB22-88AC6061BD23}"
EndProject
Project("{FAE04EC0-301F-11D3-BF4B-00C04F79EFBC}") = "VertexLighting", "VertexLighting\VertexLighting.csproj", "{87459C92-1FB7-4FA6-A164-F5B396E30186}"
EndProject
Project("{FAE04EC0-301F-11D3-BF4B-00C04F79EFBC}") = "Examples", "Examples\Examples.csproj", "{CE6759F4-8C28-4FE2-A790-4CD3B6D0F246}"
EndProject
Project("{FAE04EC0-301F-11D3-BF4B-00C04F79EFBC}") = "GLControlTest", "GLControlTest\GLControlTest.csproj", "{98DD692D-B7E5-4768-BE9F-BE8E988A6783}"
EndProject
Project("{FAE04EC0-301F-11D3-BF4B-00C04F79EFBC}") = "TerrainGL", "TerrainGL\TerrainGL.csproj", "{43FB2B81-5190-4534-8601-84F853750F51}"
EndProject
Project("{FAE04EC0-301F-11D3-BF4B-00C04F79EFBC}") = "VertexBufferObject", "VertexBufferObject\VertexBufferObject.csproj", "{878ADCFB-1724-42A1-A88D-2C86642F721C}"
EndProject
Project("{FAE04EC0-301F-11D3-BF4B-00C04F79EFBC}") = "GlRatation", "GlRatation\GlRatation.csproj", "{939AB5D7-E27D-4291-A09B-659C99DB2414}"
EndProject
Project("{FAE04EC0-301F-11D3-BF4B-00C04F79EFBC}") = "GlLighting", "GlLighting\GlLighting.csproj", "{2B0CF5F1-775C-43FA-8EF2-A1FFF2D1447F}"
EndProject
Project("{FAE04EC0-301F-11D3-BF4B-00C04F79EFBC}") = "GlShadows", "GlShadows\GlShadows.csproj", "{90F92272-B3E8-4C0E-85F8-32FA9A069EEA}"
EndProject
Project("{FAE04EC0-301F-11D3-BF4B-00C04F79EFBC}") = "GlReflection", "GlReflection\GlReflection.csproj", "{825343C0-E507-43C9-AC20-182CD13BAC83}"
EndProject
Project("{FAE04EC0-301F-11D3-BF4B-00C04F79EFBC}") = "GlCollision", "GlCollision\GlCollision.csproj", "{E33E7FEB-3E26-4BE1-A8CC-60766B0E283A}"
EndProject
Project("{FAE04EC0-301F-11D3-BF4B-00C04F79EFBC}") = "GlSphere", "GlSphere\GlSphere.csproj", "{0D5D404F-C0E4-4421-A17B-76DF3E8020C1}"
EndProject
Project("{FAE04EC0-301F-11D3-BF4B-00C04F79EFBC}") = "GlMatrix", "GlMatrix\GlMatrix.csproj", "{EA876A5B-335F-4C27-A167-856E43C12148}"
EndProject
Project("{FAE04EC0-301F-11D3-BF4B-00C04F79EFBC}") = "GlParticle", "GlParticle\GlParticle.csproj", "{A3CC4675-22EA-47F3-95A8-6B71129D795F}"
EndProject
Global
	GlobalSection(SolutionConfigurationPlatforms) = preSolution
		Debug|Any CPU = Debug|Any CPU
		Documentation|Any CPU = Documentation|Any CPU
		Nsis|Any CPU = Nsis|Any CPU
		Release|Any CPU = Release|Any CPU
	EndGlobalSection
	GlobalSection(ProjectConfigurationPlatforms) = postSolution
		{31B2F745-D6A1-4204-983B-FE157F118578}.Debug|Any CPU.ActiveCfg = Debug|Any CPU
		{31B2F745-D6A1-4204-983B-FE157F118578}.Debug|Any CPU.Build.0 = Debug|Any CPU
		{31B2F745-D6A1-4204-983B-FE157F118578}.Documentation|Any CPU.ActiveCfg = Debug|Any CPU
		{31B2F745-D6A1-4204-983B-FE157F118578}.Documentation|Any CPU.Build.0 = Debug|Any CPU
		{31B2F745-D6A1-4204-983B-FE157F118578}.Nsis|Any CPU.ActiveCfg = Release|Any CPU
		{31B2F745-D6A1-4204-983B-FE157F118578}.Nsis|Any CPU.Build.0 = Release|Any CPU
		{31B2F745-D6A1-4204-983B-FE157F118578}.Release|Any CPU.ActiveCfg = Release|Any CPU
		{31B2F745-D6A1-4204-983B-FE157F118578}.Release|Any CPU.Build.0 = Release|Any CPU
		{24977320-A945-48F7-AB22-88AC6061BD23}.Debug|Any CPU.ActiveCfg = Debug|Any CPU
		{24977320-A945-48F7-AB22-88AC6061BD23}.Debug|Any CPU.Build.0 = Debug|Any CPU
		{24977320-A945-48F7-AB22-88AC6061BD23}.Documentation|Any CPU.ActiveCfg = Debug|Any CPU
		{24977320-A945-48F7-AB22-88AC6061BD23}.Documentation|Any CPU.Build.0 = Debug|Any CPU
		{24977320-A945-48F7-AB22-88AC6061BD23}.Nsis|Any CPU.ActiveCfg = Release|Any CPU
		{24977320-A945-48F7-AB22-88AC6061BD23}.Nsis|Any CPU.Build.0 = Release|Any CPU
		{24977320-A945-48F7-AB22-88AC6061BD23}.Release|Any CPU.ActiveCfg = Release|Any CPU
		{24977320-A945-48F7-AB22-88AC6061BD23}.Release|Any CPU.Build.0 = Release|Any CPU
		{87459C92-1FB7-4FA6-A164-F5B396E30186}.Debug|Any CPU.ActiveCfg = Debug|Any CPU
		{87459C92-1FB7-4FA6-A164-F5B396E30186}.Debug|Any CPU.Build.0 = Debug|Any CPU
		{87459C92-1FB7-4FA6-A164-F5B396E30186}.Documentation|Any CPU.ActiveCfg = Debug|Any CPU
		{87459C92-1FB7-4FA6-A164-F5B396E30186}.Documentation|Any CPU.Build.0 = Debug|Any CPU
		{87459C92-1FB7-4FA6-A164-F5B396E30186}.Nsis|Any CPU.ActiveCfg = Release|Any CPU
		{87459C92-1FB7-4FA6-A164-F5B396E30186}.Nsis|Any CPU.Build.0 = Release|Any CPU
		{87459C92-1FB7-4FA6-A164-F5B396E30186}.Release|Any CPU.ActiveCfg = Release|Any CPU
		{87459C92-1FB7-4FA6-A164-F5B396E30186}.Release|Any CPU.Build.0 = Release|Any CPU
		{CE6759F4-8C28-4FE2-A790-4CD3B6D0F246}.Debug|Any CPU.ActiveCfg = Debug|Any CPU
		{CE6759F4-8C28-4FE2-A790-4CD3B6D0F246}.Debug|Any CPU.Build.0 = Debug|Any CPU
		{CE6759F4-8C28-4FE2-A790-4CD3B6D0F246}.Documentation|Any CPU.ActiveCfg = Debug|Any CPU
		{CE6759F4-8C28-4FE2-A790-4CD3B6D0F246}.Documentation|Any CPU.Build.0 = Debug|Any CPU
		{CE6759F4-8C28-4FE2-A790-4CD3B6D0F246}.Nsis|Any CPU.ActiveCfg = Release|Any CPU
		{CE6759F4-8C28-4FE2-A790-4CD3B6D0F246}.Nsis|Any CPU.Build.0 = Release|Any CPU
		{CE6759F4-8C28-4FE2-A790-4CD3B6D0F246}.Release|Any CPU.ActiveCfg = Release|Any CPU
		{CE6759F4-8C28-4FE2-A790-4CD3B6D0F246}.Release|Any CPU.Build.0 = Release|Any CPU
		{98DD692D-B7E5-4768-BE9F-BE8E988A6783}.Debug|Any CPU.ActiveCfg = Debug|Any CPU
		{98DD692D-B7E5-4768-BE9F-BE8E988A6783}.Debug|Any CPU.Build.0 = Debug|Any CPU
		{98DD692D-B7E5-4768-BE9F-BE8E988A6783}.Documentation|Any CPU.ActiveCfg = Debug|Any CPU
		{98DD692D-B7E5-4768-BE9F-BE8E988A6783}.Documentation|Any CPU.Build.0 = Debug|Any CPU
		{98DD692D-B7E5-4768-BE9F-BE8E988A6783}.Nsis|Any CPU.ActiveCfg = Release|Any CPU
		{98DD692D-B7E5-4768-BE9F-BE8E988A6783}.Nsis|Any CPU.Build.0 = Release|Any CPU
		{98DD692D-B7E5-4768-BE9F-BE8E988A6783}.Release|Any CPU.ActiveCfg = Release|Any CPU
		{98DD692D-B7E5-4768-BE9F-BE8E988A6783}.Release|Any CPU.Build.0 = Release|Any CPU
		{43FB2B81-5190-4534-8601-84F853750F51}.Debug|Any CPU.ActiveCfg = Debug|Any CPU
		{43FB2B81-5190-4534-8601-84F853750F51}.Debug|Any CPU.Build.0 = Debug|Any CPU
		{43FB2B81-5190-4534-8601-84F853750F51}.Documentation|Any CPU.ActiveCfg = Debug|Any CPU
		{43FB2B81-5190-4534-8601-84F853750F51}.Documentation|Any CPU.Build.0 = Debug|Any CPU
		{43FB2B81-5190-4534-8601-84F853750F51}.Nsis|Any CPU.ActiveCfg = Release|Any CPU
		{43FB2B81-5190-4534-8601-84F853750F51}.Nsis|Any CPU.Build.0 = Release|Any CPU
		{43FB2B81-5190-4534-8601-84F853750F51}.Release|Any CPU.ActiveCfg = Release|Any CPU
		{43FB2B81-5190-4534-8601-84F853750F51}.Release|Any CPU.Build.0 = Release|Any CPU
		{878ADCFB-1724-42A1-A88D-2C86642F721C}.Debug|Any CPU.ActiveCfg = Debug|Any CPU
		{878ADCFB-1724-42A1-A88D-2C86642F721C}.Debug|Any CPU.Build.0 = Debug|Any CPU
		{878ADCFB-1724-42A1-A88D-2C86642F721C}.Documentation|Any CPU.ActiveCfg = Debug|Any CPU
		{878ADCFB-1724-42A1-A88D-2C86642F721C}.Documentation|Any CPU.Build.0 = Debug|Any CPU
		{878ADCFB-1724-42A1-A88D-2C86642F721C}.Nsis|Any CPU.ActiveCfg = Release|Any CPU
		{878ADCFB-1724-42A1-A88D-2C86642F721C}.Nsis|Any CPU.Build.0 = Release|Any CPU
		{878ADCFB-1724-42A1-A88D-2C86642F721C}.Release|Any CPU.ActiveCfg = Release|Any CPU
		{878ADCFB-1724-42A1-A88D-2C86642F721C}.Release|Any CPU.Build.0 = Release|Any CPU
		{939AB5D7-E27D-4291-A09B-659C99DB2414}.Debug|Any CPU.ActiveCfg = Debug|Any CPU
		{939AB5D7-E27D-4291-A09B-659C99DB2414}.Debug|Any CPU.Build.0 = Debug|Any CPU
		{939AB5D7-E27D-4291-A09B-659C99DB2414}.Documentation|Any CPU.ActiveCfg = Debug|Any CPU
		{939AB5D7-E27D-4291-A09B-659C99DB2414}.Documentation|Any CPU.Build.0 = Debug|Any CPU
		{939AB5D7-E27D-4291-A09B-659C99DB2414}.Nsis|Any CPU.ActiveCfg = Release|Any CPU
		{939AB5D7-E27D-4291-A09B-659C99DB2414}.Nsis|Any CPU.Build.0 = Release|Any CPU
		{939AB5D7-E27D-4291-A09B-659C99DB2414}.Release|Any CPU.ActiveCfg = Release|Any CPU
		{939AB5D7-E27D-4291-A09B-659C99DB2414}.Release|Any CPU.Build.0 = Release|Any CPU
		{2B0CF5F1-775C-43FA-8EF2-A1FFF2D1447F}.Debug|Any CPU.ActiveCfg = Debug|Any CPU
		{2B0CF5F1-775C-43FA-8EF2-A1FFF2D1447F}.Debug|Any CPU.Build.0 = Debug|Any CPU
		{2B0CF5F1-775C-43FA-8EF2-A1FFF2D1447F}.Documentation|Any CPU.ActiveCfg = Debug|Any CPU
		{2B0CF5F1-775C-43FA-8EF2-A1FFF2D1447F}.Documentation|Any CPU.Build.0 = Debug|Any CPU
		{2B0CF5F1-775C-43FA-8EF2-A1FFF2D1447F}.Nsis|Any CPU.ActiveCfg = Release|Any CPU
		{2B0CF5F1-775C-43FA-8EF2-A1FFF2D1447F}.Nsis|Any CPU.Build.0 = Release|Any CPU
		{2B0CF5F1-775C-43FA-8EF2-A1FFF2D1447F}.Release|Any CPU.ActiveCfg = Release|Any CPU
		{2B0CF5F1-775C-43FA-8EF2-A1FFF2D1447F}.Release|Any CPU.Build.0 = Release|Any CPU
		{90F92272-B3E8-4C0E-85F8-32FA9A069EEA}.Debug|Any CPU.ActiveCfg = Debug|Any CPU
		{90F92272-B3E8-4C0E-85F8-32FA9A069EEA}.Debug|Any CPU.Build.0 = Debug|Any CPU
		{90F92272-B3E8-4C0E-85F8-32FA9A069EEA}.Documentation|Any CPU.ActiveCfg = Debug|Any CPU
		{90F92272-B3E8-4C0E-85F8-32FA9A069EEA}.Documentation|Any CPU.Build.0 = Debug|Any CPU
		{90F92272-B3E8-4C0E-85F8-32FA9A069EEA}.Nsis|Any CPU.ActiveCfg = Release|Any CPU
		{90F92272-B3E8-4C0E-85F8-32FA9A069EEA}.Nsis|Any CPU.Build.0 = Release|Any CPU
		{90F92272-B3E8-4C0E-85F8-32FA9A069EEA}.Release|Any CPU.ActiveCfg = Release|Any CPU
		{90F92272-B3E8-4C0E-85F8-32FA9A069EEA}.Release|Any CPU.Build.0 = Release|Any CPU
		{825343C0-E507-43C9-AC20-182CD13BAC83}.Debug|Any CPU.ActiveCfg = Debug|Any CPU
		{825343C0-E507-43C9-AC20-182CD13BAC83}.Debug|Any CPU.Build.0 = Debug|Any CPU
		{825343C0-E507-43C9-AC20-182CD13BAC83}.Documentation|Any CPU.ActiveCfg = Debug|Any CPU
		{825343C0-E507-43C9-AC20-182CD13BAC83}.Documentation|Any CPU.Build.0 = Debug|Any CPU
		{825343C0-E507-43C9-AC20-182CD13BAC83}.Nsis|Any CPU.ActiveCfg = Release|Any CPU
		{825343C0-E507-43C9-AC20-182CD13BAC83}.Nsis|Any CPU.Build.0 = Release|Any CPU
		{825343C0-E507-43C9-AC20-182CD13BAC83}.Release|Any CPU.ActiveCfg = Release|Any CPU
		{825343C0-E507-43C9-AC20-182CD13BAC83}.Release|Any CPU.Build.0 = Release|Any CPU
		{E33E7FEB-3E26-4BE1-A8CC-60766B0E283A}.Debug|Any CPU.ActiveCfg = Debug|Any CPU
		{E33E7FEB-3E26-4BE1-A8CC-60766B0E283A}.Debug|Any CPU.Build.0 = Debug|Any CPU
		{E33E7FEB-3E26-4BE1-A8CC-60766B0E283A}.Documentation|Any CPU.ActiveCfg = Debug|Any CPU
		{E33E7FEB-3E26-4BE1-A8CC-60766B0E283A}.Documentation|Any CPU.Build.0 = Debug|Any CPU
		{E33E7FEB-3E26-4BE1-A8CC-60766B0E283A}.Nsis|Any CPU.ActiveCfg = Release|Any CPU
		{E33E7FEB-3E26-4BE1-A8CC-60766B0E283A}.Nsis|Any CPU.Build.0 = Release|Any CPU
		{E33E7FEB-3E26-4BE1-A8CC-60766B0E283A}.Release|Any CPU.ActiveCfg = Release|Any CPU
		{E33E7FEB-3E26-4BE1-A8CC-60766B0E283A}.Release|Any CPU.Build.0 = Release|Any CPU
		{0D5D404F-C0E4-4421-A17B-76DF3E8020C1}.Debug|Any CPU.ActiveCfg = Debug|Any CPU
		{0D5D404F-C0E4-4421-A17B-76DF3E8020C1}.Debug|Any CPU.Build.0 = Debug|Any CPU
		{0D5D404F-C0E4-4421-A17B-76DF3E8020C1}.Documentation|Any CPU.ActiveCfg = Debug|Any CPU
		{0D5D404F-C0E4-4421-A17B-76DF3E8020C1}.Documentation|Any CPU.Build.0 = Debug|Any CPU
		{0D5D404F-C0E4-4421-A17B-76DF3E8020C1}.Nsis|Any CPU.ActiveCfg = Release|Any CPU
		{0D5D404F-C0E4-4421-A17B-76DF3E8020C1}.Nsis|Any CPU.Build.0 = Release|Any CPU
		{0D5D404F-C0E4-4421-A17B-76DF3E8020C1}.Release|Any CPU.ActiveCfg = Release|Any CPU
		{0D5D404F-C0E4-4421-A17B-76DF3E8020C1}.Release|Any CPU.Build.0 = Release|Any CPU
		{EA876A5B-335F-4C27-A167-856E43C12148}.Debug|Any CPU.ActiveCfg = Debug|Any CPU
		{EA876A5B-335F-4C27-A167-856E43C12148}.Debug|Any CPU.Build.0 = Debug|Any CPU
		{EA876A5B-335F-4C27-A167-856E43C12148}.Documentation|Any CPU.ActiveCfg = Debug|Any CPU
		{EA876A5B-335F-4C27-A167-856E43C12148}.Documentation|Any CPU.Build.0 = Debug|Any CPU
		{EA876A5B-335F-4C27-A167-856E43C12148}.Nsis|Any CPU.ActiveCfg = Release|Any CPU
		{EA876A5B-335F-4C27-A167-856E43C12148}.Nsis|Any CPU.Build.0 = Release|Any CPU
		{EA876A5B-335F-4C27-A167-856E43C12148}.Release|Any CPU.ActiveCfg = Release|Any CPU
		{EA876A5B-335F-4C27-A167-856E43C12148}.Release|Any CPU.Build.0 = Release|Any CPU
		{A3CC4675-22EA-47F3-95A8-6B71129D795F}.Debug|Any CPU.ActiveCfg = Debug|Any CPU
		{A3CC4675-22EA-47F3-95A8-6B71129D795F}.Debug|Any CPU.Build.0 = Debug|Any CPU
		{A3CC4675-22EA-47F3-95A8-6B71129D795F}.Documentation|Any CPU.ActiveCfg = Debug|Any CPU
		{A3CC4675-22EA-47F3-95A8-6B71129D795F}.Documentation|Any CPU.Build.0 = Debug|Any CPU
		{A3CC4675-22EA-47F3-95A8-6B71129D795F}.Nsis|Any CPU.ActiveCfg = Release|Any CPU
		{A3CC4675-22EA-47F3-95A8-6B71129D795F}.Nsis|Any CPU.Build.0 = Release|Any CPU
		{A3CC4675-22EA-47F3-95A8-6B71129D795F}.Release|Any CPU.ActiveCfg = Release|Any CPU
		{A3CC4675-22EA-47F3-95A8-6B71129D795F}.Release|Any CPU.Build.0 = Release|Any CPU
	EndGlobalSection
	GlobalSection(SolutionProperties) = preSolution
		HideSolutionNode = FALSE
	EndGlobalSection
EndGlobal
